
Microsoft Visual Studio Solution File, Format Version 12.00
# Visual Studio Version 17
VisualStudioVersion = 17.4.33213.308
MinimumVisualStudioVersion = 10.0.40219.1
Project("{8BC9CEB8-8B4A-11D0-8D11-00A0C91BC942}") = "PRG10_STRING_01", "PRG10_STRING.vcxproj", "{65D70AC5-1E72-41FC-A5A9-85F00B6A8532}"
EndProject
Project("{8BC9CEB8-8B4A-11D0-8D11-00A0C91BC942}") = "PRG10_STRING_02", "..\PRG10_STRING_2\PRG10_STRING_2.vcxproj", "{D20E3E37-A8ED-4F42-BDDF-D94DBC05A334}"
EndProject
Project("{8BC9CEB8-8B4A-11D0-8D11-00A0C91BC942}") = "PRG10_STRING_03", "..\PRG10_STRING_3\PRG10_STRING_3.vcxproj", "{37AD6F6F-85E0-46AF-9420-5F84BF76743C}"
EndProject
Project("{8BC9CEB8-8B4A-11D0-8D11-00A0C91BC942}") = "PRG10_STRING_04", "..\PRG10_STRING_4\PRG10_STRING_4.vcxproj", "{A40F67F2-94BC-4182-B26E-3CADC0C52930}"
EndProject
Project("{8BC9CEB8-8B4A-11D0-8D11-00A0C91BC942}") = "PRG10_STRING_06", "..\PRG10_STRING_6\PRG10_STRING_6.vcxproj", "{12C1C02B-D2C4-4FC7-90C5-5D8C787CC293}"
EndProject
Project("{8BC9CEB8-8B4A-11D0-8D11-00A0C91BC942}") = "PRG10_STRING_07", "..\PRG10_STRING_7\PRG10_STRING_7.vcxproj", "{35554F15-6C93-4357-80FE-8D05B48E8D85}"
EndProject
Project("{8BC9CEB8-8B4A-11D0-8D11-00A0C91BC942}") = "PRG10_STRING_08", "..\PRG10_STRING_8\PRG10_STRING_8.vcxproj", "{76D63309-06E3-4BE4-8A52-B5895E147BB7}"
EndProject
Project("{8BC9CEB8-8B4A-11D0-8D11-00A0C91BC942}") = "PRG10_STRING_09", "..\PRG10_STRING_9\PRG10_STRING_9.vcxproj", "{37B1CBCB-02FD-478D-990B-9C9A78162C49}"
EndProject
Project("{8BC9CEB8-8B4A-11D0-8D11-00A0C91BC942}") = "PRG10_STRING_10", "..\PRG10_STRING_10\PRG10_STRING_10.vcxproj", "{CF7C571B-2F22-4D0C-A0DE-BF94FB30FD37}"
EndProject
Project("{8BC9CEB8-8B4A-11D0-8D11-00A0C91BC942}") = "PRG10_STRING_11", "..\PRG10_STRING_11\PRG10_STRING_11.vcxproj", "{7AAE8F28-A076-4C6E-B655-3765C36DEB2C}"
EndProject
Project("{8BC9CEB8-8B4A-11D0-8D11-00A0C91BC942}") = "PRG10_STRING_12", "..\PRG10_STRING_12\PRG10_STRING_12.vcxproj", "{2D564767-A909-46B2-A713-2013FB2CC0A9}"
EndProject
Project("{8BC9CEB8-8B4A-11D0-8D11-00A0C91BC942}") = "PRG10_STRING_13", "..\PRG10_STRING_13\PRG10_STRING_13.vcxproj", "{93B4A504-2F6A-411B-AAC6-28EA858960B2}"
EndProject
Project("{8BC9CEB8-8B4A-11D0-8D11-00A0C91BC942}") = "PRG10_STRING_14", "..\PRG10_STRING_14\PRG10_STRING_14.vcxproj", "{880E96CF-CECA-435A-9F5E-E82DCB8D603B}"
EndProject
Project("{8BC9CEB8-8B4A-11D0-8D11-00A0C91BC942}") = "PRG10_STRING_15", "..\PRG10_STRING_15\PRG10_STRING_15.vcxproj", "{4645825F-2D42-4FD1-B220-E46FF5EE0B93}"
EndProject
Project("{8BC9CEB8-8B4A-11D0-8D11-00A0C91BC942}") = "PRG10_STRING_16", "..\PRG10_STRING_16\PRG10_STRING_16.vcxproj", "{0B81BAC1-A0A0-45D9-9066-D8B9374D9C5F}"
EndProject
Project("{8BC9CEB8-8B4A-11D0-8D11-00A0C91BC942}") = "PRG10_STRING_17", "..\PRG10_STRING_17\PRG10_STRING_17.vcxproj", "{F36E6D4F-3BE4-4ED5-81CD-E43C8599E70E}"
EndProject
Project("{8BC9CEB8-8B4A-11D0-8D11-00A0C91BC942}") = "PRG10_STRING_18", "..\PRG10_STRING_18\PRG10_STRING_18.vcxproj", "{452261D3-9DA1-4C34-BD00-84830B3A6CC8}"
EndProject
Project("{8BC9CEB8-8B4A-11D0-8D11-00A0C91BC942}") = "PRG10_STRING_19", "..\PRG10_STRING_19\PRG10_STRING_19.vcxproj", "{23DA2CE6-6383-4317-B7FB-3F1DD4594B61}"
EndProject
Project("{8BC9CEB8-8B4A-11D0-8D11-00A0C91BC942}") = "PRG10_STRING_20", "..\PRG10_STRING_20\PRG10_STRING_20.vcxproj", "{AC15237C-D153-4F06-BCEF-9AE61A4858BC}"
EndProject
Project("{8BC9CEB8-8B4A-11D0-8D11-00A0C91BC942}") = "PRG10_STRING_21", "..\Project1\Project1.vcxproj", "{AE5BFA20-5195-4228-86FC-37EF8F70C32D}"
EndProject
Project("{8BC9CEB8-8B4A-11D0-8D11-00A0C91BC942}") = "PRG10_STRING_22", "..\PRG10_STRING_22\PRG10_STRING_22.vcxproj", "{BEC6BF2D-21AF-443C-AD75-646BABF79CCE}"
EndProject
Project("{8BC9CEB8-8B4A-11D0-8D11-00A0C91BC942}") = "PRG10_STRING_23", "..\PRG10_STRING_23\PRG10_STRING_23.vcxproj", "{6E8250C9-421E-486C-B50D-2686A59CB27D}"
EndProject
Global
	GlobalSection(SolutionConfigurationPlatforms) = preSolution
		Debug|x64 = Debug|x64
		Debug|x86 = Debug|x86
		Release|x64 = Release|x64
		Release|x86 = Release|x86
	EndGlobalSection
	GlobalSection(ProjectConfigurationPlatforms) = postSolution
		{65D70AC5-1E72-41FC-A5A9-85F00B6A8532}.Debug|x64.ActiveCfg = Debug|x64
		{65D70AC5-1E72-41FC-A5A9-85F00B6A8532}.Debug|x64.Build.0 = Debug|x64
		{65D70AC5-1E72-41FC-A5A9-85F00B6A8532}.Debug|x86.ActiveCfg = Debug|Win32
		{65D70AC5-1E72-41FC-A5A9-85F00B6A8532}.Debug|x86.Build.0 = Debug|Win32
		{65D70AC5-1E72-41FC-A5A9-85F00B6A8532}.Release|x64.ActiveCfg = Release|x64
		{65D70AC5-1E72-41FC-A5A9-85F00B6A8532}.Release|x64.Build.0 = Release|x64
		{65D70AC5-1E72-41FC-A5A9-85F00B6A8532}.Release|x86.ActiveCfg = Release|Win32
		{65D70AC5-1E72-41FC-A5A9-85F00B6A8532}.Release|x86.Build.0 = Release|Win32
		{D20E3E37-A8ED-4F42-BDDF-D94DBC05A334}.Debug|x64.ActiveCfg = Debug|x64
		{D20E3E37-A8ED-4F42-BDDF-D94DBC05A334}.Debug|x64.Build.0 = Debug|x64
		{D20E3E37-A8ED-4F42-BDDF-D94DBC05A334}.Debug|x86.ActiveCfg = Debug|Win32
		{D20E3E37-A8ED-4F42-BDDF-D94DBC05A334}.Debug|x86.Build.0 = Debug|Win32
		{D20E3E37-A8ED-4F42-BDDF-D94DBC05A334}.Release|x64.ActiveCfg = Release|x64
		{D20E3E37-A8ED-4F42-BDDF-D94DBC05A334}.Release|x64.Build.0 = Release|x64
		{D20E3E37-A8ED-4F42-BDDF-D94DBC05A334}.Release|x86.ActiveCfg = Release|Win32
		{D20E3E37-A8ED-4F42-BDDF-D94DBC05A334}.Release|x86.Build.0 = Release|Win32
		{37AD6F6F-85E0-46AF-9420-5F84BF76743C}.Debug|x64.ActiveCfg = Debug|x64
		{37AD6F6F-85E0-46AF-9420-5F84BF76743C}.Debug|x64.Build.0 = Debug|x64
		{37AD6F6F-85E0-46AF-9420-5F84BF76743C}.Debug|x86.ActiveCfg = Debug|Win32
		{37AD6F6F-85E0-46AF-9420-5F84BF76743C}.Debug|x86.Build.0 = Debug|Win32
		{37AD6F6F-85E0-46AF-9420-5F84BF76743C}.Release|x64.ActiveCfg = Release|x64
		{37AD6F6F-85E0-46AF-9420-5F84BF76743C}.Release|x64.Build.0 = Release|x64
		{37AD6F6F-85E0-46AF-9420-5F84BF76743C}.Release|x86.ActiveCfg = Release|Win32
		{37AD6F6F-85E0-46AF-9420-5F84BF76743C}.Release|x86.Build.0 = Release|Win32
		{A40F67F2-94BC-4182-B26E-3CADC0C52930}.Debug|x64.ActiveCfg = Debug|x64
		{A40F67F2-94BC-4182-B26E-3CADC0C52930}.Debug|x64.Build.0 = Debug|x64
		{A40F67F2-94BC-4182-B26E-3CADC0C52930}.Debug|x86.ActiveCfg = Debug|Win32
		{A40F67F2-94BC-4182-B26E-3CADC0C52930}.Debug|x86.Build.0 = Debug|Win32
		{A40F67F2-94BC-4182-B26E-3CADC0C52930}.Release|x64.ActiveCfg = Release|x64
		{A40F67F2-94BC-4182-B26E-3CADC0C52930}.Release|x64.Build.0 = Release|x64
		{A40F67F2-94BC-4182-B26E-3CADC0C52930}.Release|x86.ActiveCfg = Release|Win32
		{A40F67F2-94BC-4182-B26E-3CADC0C52930}.Release|x86.Build.0 = Release|Win32
		{12C1C02B-D2C4-4FC7-90C5-5D8C787CC293}.Debug|x64.ActiveCfg = Debug|x64
		{12C1C02B-D2C4-4FC7-90C5-5D8C787CC293}.Debug|x64.Build.0 = Debug|x64
		{12C1C02B-D2C4-4FC7-90C5-5D8C787CC293}.Debug|x86.ActiveCfg = Debug|Win32
		{12C1C02B-D2C4-4FC7-90C5-5D8C787CC293}.Debug|x86.Build.0 = Debug|Win32
		{12C1C02B-D2C4-4FC7-90C5-5D8C787CC293}.Release|x64.ActiveCfg = Release|x64
		{12C1C02B-D2C4-4FC7-90C5-5D8C787CC293}.Release|x64.Build.0 = Release|x64
		{12C1C02B-D2C4-4FC7-90C5-5D8C787CC293}.Release|x86.ActiveCfg = Release|Win32
		{12C1C02B-D2C4-4FC7-90C5-5D8C787CC293}.Release|x86.Build.0 = Release|Win32
		{35554F15-6C93-4357-80FE-8D05B48E8D85}.Debug|x64.ActiveCfg = Debug|x64
		{35554F15-6C93-4357-80FE-8D05B48E8D85}.Debug|x64.Build.0 = Debug|x64
		{35554F15-6C93-4357-80FE-8D05B48E8D85}.Debug|x86.ActiveCfg = Debug|Win32
		{35554F15-6C93-4357-80FE-8D05B48E8D85}.Debug|x86.Build.0 = Debug|Win32
		{35554F15-6C93-4357-80FE-8D05B48E8D85}.Release|x64.ActiveCfg = Release|x64
		{35554F15-6C93-4357-80FE-8D05B48E8D85}.Release|x64.Build.0 = Release|x64
		{35554F15-6C93-4357-80FE-8D05B48E8D85}.Release|x86.ActiveCfg = Release|Win32
		{35554F15-6C93-4357-80FE-8D05B48E8D85}.Release|x86.Build.0 = Release|Win32
		{76D63309-06E3-4BE4-8A52-B5895E147BB7}.Debug|x64.ActiveCfg = Debug|x64
		{76D63309-06E3-4BE4-8A52-B5895E147BB7}.Debug|x64.Build.0 = Debug|x64
		{76D63309-06E3-4BE4-8A52-B5895E147BB7}.Debug|x86.ActiveCfg = Debug|Win32
		{76D63309-06E3-4BE4-8A52-B5895E147BB7}.Debug|x86.Build.0 = Debug|Win32
		{76D63309-06E3-4BE4-8A52-B5895E147BB7}.Release|x64.ActiveCfg = Release|x64
		{76D63309-06E3-4BE4-8A52-B5895E147BB7}.Release|x64.Build.0 = Release|x64
		{76D63309-06E3-4BE4-8A52-B5895E147BB7}.Release|x86.ActiveCfg = Release|Win32
		{76D63309-06E3-4BE4-8A52-B5895E147BB7}.Release|x86.Build.0 = Release|Win32
		{37B1CBCB-02FD-478D-990B-9C9A78162C49}.Debug|x64.ActiveCfg = Debug|x64
		{37B1CBCB-02FD-478D-990B-9C9A78162C49}.Debug|x64.Build.0 = Debug|x64
		{37B1CBCB-02FD-478D-990B-9C9A78162C49}.Debug|x86.ActiveCfg = Debug|Win32
		{37B1CBCB-02FD-478D-990B-9C9A78162C49}.Debug|x86.Build.0 = Debug|Win32
		{37B1CBCB-02FD-478D-990B-9C9A78162C49}.Release|x64.ActiveCfg = Release|x64
		{37B1CBCB-02FD-478D-990B-9C9A78162C49}.Release|x64.Build.0 = Release|x64
		{37B1CBCB-02FD-478D-990B-9C9A78162C49}.Release|x86.ActiveCfg = Release|Win32
		{37B1CBCB-02FD-478D-990B-9C9A78162C49}.Release|x86.Build.0 = Release|Win32
		{CF7C571B-2F22-4D0C-A0DE-BF94FB30FD37}.Debug|x64.ActiveCfg = Debug|x64
		{CF7C571B-2F22-4D0C-A0DE-BF94FB30FD37}.Debug|x64.Build.0 = Debug|x64
		{CF7C571B-2F22-4D0C-A0DE-BF94FB30FD37}.Debug|x86.ActiveCfg = Debug|Win32
		{CF7C571B-2F22-4D0C-A0DE-BF94FB30FD37}.Debug|x86.Build.0 = Debug|Win32
		{CF7C571B-2F22-4D0C-A0DE-BF94FB30FD37}.Release|x64.ActiveCfg = Release|x64
		{CF7C571B-2F22-4D0C-A0DE-BF94FB30FD37}.Release|x64.Build.0 = Release|x64
		{CF7C571B-2F22-4D0C-A0DE-BF94FB30FD37}.Release|x86.ActiveCfg = Release|Win32
		{CF7C571B-2F22-4D0C-A0DE-BF94FB30FD37}.Release|x86.Build.0 = Release|Win32
		{7AAE8F28-A076-4C6E-B655-3765C36DEB2C}.Debug|x64.ActiveCfg = Debug|x64
		{7AAE8F28-A076-4C6E-B655-3765C36DEB2C}.Debug|x64.Build.0 = Debug|x64
		{7AAE8F28-A076-4C6E-B655-3765C36DEB2C}.Debug|x86.ActiveCfg = Debug|Win32
		{7AAE8F28-A076-4C6E-B655-3765C36DEB2C}.Debug|x86.Build.0 = Debug|Win32
		{7AAE8F28-A076-4C6E-B655-3765C36DEB2C}.Release|x64.ActiveCfg = Release|x64
		{7AAE8F28-A076-4C6E-B655-3765C36DEB2C}.Release|x64.Build.0 = Release|x64
		{7AAE8F28-A076-4C6E-B655-3765C36DEB2C}.Release|x86.ActiveCfg = Release|Win32
		{7AAE8F28-A076-4C6E-B655-3765C36DEB2C}.Release|x86.Build.0 = Release|Win32
		{2D564767-A909-46B2-A713-2013FB2CC0A9}.Debug|x64.ActiveCfg = Debug|x64
		{2D564767-A909-46B2-A713-2013FB2CC0A9}.Debug|x64.Build.0 = Debug|x64
		{2D564767-A909-46B2-A713-2013FB2CC0A9}.Debug|x86.ActiveCfg = Debug|Win32
		{2D564767-A909-46B2-A713-2013FB2CC0A9}.Debug|x86.Build.0 = Debug|Win32
		{2D564767-A909-46B2-A713-2013FB2CC0A9}.Release|x64.ActiveCfg = Release|x64
		{2D564767-A909-46B2-A713-2013FB2CC0A9}.Release|x64.Build.0 = Release|x64
		{2D564767-A909-46B2-A713-2013FB2CC0A9}.Release|x86.ActiveCfg = Release|Win32
		{2D564767-A909-46B2-A713-2013FB2CC0A9}.Release|x86.Build.0 = Release|Win32
		{93B4A504-2F6A-411B-AAC6-28EA858960B2}.Debug|x64.ActiveCfg = Debug|x64
		{93B4A504-2F6A-411B-AAC6-28EA858960B2}.Debug|x64.Build.0 = Debug|x64
		{93B4A504-2F6A-411B-AAC6-28EA858960B2}.Debug|x86.ActiveCfg = Debug|Win32
		{93B4A504-2F6A-411B-AAC6-28EA858960B2}.Debug|x86.Build.0 = Debug|Win32
		{93B4A504-2F6A-411B-AAC6-28EA858960B2}.Release|x64.ActiveCfg = Release|x64
		{93B4A504-2F6A-411B-AAC6-28EA858960B2}.Release|x64.Build.0 = Release|x64
		{93B4A504-2F6A-411B-AAC6-28EA858960B2}.Release|x86.ActiveCfg = Release|Win32
		{93B4A504-2F6A-411B-AAC6-28EA858960B2}.Release|x86.Build.0 = Release|Win32
		{880E96CF-CECA-435A-9F5E-E82DCB8D603B}.Debug|x64.ActiveCfg = Debug|x64
		{880E96CF-CECA-435A-9F5E-E82DCB8D603B}.Debug|x64.Build.0 = Debug|x64
		{880E96CF-CECA-435A-9F5E-E82DCB8D603B}.Debug|x86.ActiveCfg = Debug|Win32
		{880E96CF-CECA-435A-9F5E-E82DCB8D603B}.Debug|x86.Build.0 = Debug|Win32
		{880E96CF-CECA-435A-9F5E-E82DCB8D603B}.Release|x64.ActiveCfg = Release|x64
		{880E96CF-CECA-435A-9F5E-E82DCB8D603B}.Release|x64.Build.0 = Release|x64
		{880E96CF-CECA-435A-9F5E-E82DCB8D603B}.Release|x86.ActiveCfg = Release|Win32
		{880E96CF-CECA-435A-9F5E-E82DCB8D603B}.Release|x86.Build.0 = Release|Win32
		{4645825F-2D42-4FD1-B220-E46FF5EE0B93}.Debug|x64.ActiveCfg = Debug|x64
		{4645825F-2D42-4FD1-B220-E46FF5EE0B93}.Debug|x64.Build.0 = Debug|x64
		{4645825F-2D42-4FD1-B220-E46FF5EE0B93}.Debug|x86.ActiveCfg = Debug|Win32
		{4645825F-2D42-4FD1-B220-E46FF5EE0B93}.Debug|x86.Build.0 = Debug|Win32
		{4645825F-2D42-4FD1-B220-E46FF5EE0B93}.Release|x64.ActiveCfg = Release|x64
		{4645825F-2D42-4FD1-B220-E46FF5EE0B93}.Release|x64.Build.0 = Release|x64
		{4645825F-2D42-4FD1-B220-E46FF5EE0B93}.Release|x86.ActiveCfg = Release|Win32
		{4645825F-2D42-4FD1-B220-E46FF5EE0B93}.Release|x86.Build.0 = Release|Win32
		{0B81BAC1-A0A0-45D9-9066-D8B9374D9C5F}.Debug|x64.ActiveCfg = Debug|x64
		{0B81BAC1-A0A0-45D9-9066-D8B9374D9C5F}.Debug|x64.Build.0 = Debug|x64
		{0B81BAC1-A0A0-45D9-9066-D8B9374D9C5F}.Debug|x86.ActiveCfg = Debug|Win32
		{0B81BAC1-A0A0-45D9-9066-D8B9374D9C5F}.Debug|x86.Build.0 = Debug|Win32
		{0B81BAC1-A0A0-45D9-9066-D8B9374D9C5F}.Release|x64.ActiveCfg = Release|x64
		{0B81BAC1-A0A0-45D9-9066-D8B9374D9C5F}.Release|x64.Build.0 = Release|x64
		{0B81BAC1-A0A0-45D9-9066-D8B9374D9C5F}.Release|x86.ActiveCfg = Release|Win32
		{0B81BAC1-A0A0-45D9-9066-D8B9374D9C5F}.Release|x86.Build.0 = Release|Win32
		{F36E6D4F-3BE4-4ED5-81CD-E43C8599E70E}.Debug|x64.ActiveCfg = Debug|x64
		{F36E6D4F-3BE4-4ED5-81CD-E43C8599E70E}.Debug|x64.Build.0 = Debug|x64
		{F36E6D4F-3BE4-4ED5-81CD-E43C8599E70E}.Debug|x86.ActiveCfg = Debug|Win32
		{F36E6D4F-3BE4-4ED5-81CD-E43C8599E70E}.Debug|x86.Build.0 = Debug|Win32
		{F36E6D4F-3BE4-4ED5-81CD-E43C8599E70E}.Release|x64.ActiveCfg = Release|x64
		{F36E6D4F-3BE4-4ED5-81CD-E43C8599E70E}.Release|x64.Build.0 = Release|x64
		{F36E6D4F-3BE4-4ED5-81CD-E43C8599E70E}.Release|x86.ActiveCfg = Release|Win32
		{F36E6D4F-3BE4-4ED5-81CD-E43C8599E70E}.Release|x86.Build.0 = Release|Win32
		{452261D3-9DA1-4C34-BD00-84830B3A6CC8}.Debug|x64.ActiveCfg = Debug|x64
		{452261D3-9DA1-4C34-BD00-84830B3A6CC8}.Debug|x64.Build.0 = Debug|x64
		{452261D3-9DA1-4C34-BD00-84830B3A6CC8}.Debug|x86.ActiveCfg = Debug|Win32
		{452261D3-9DA1-4C34-BD00-84830B3A6CC8}.Debug|x86.Build.0 = Debug|Win32
		{452261D3-9DA1-4C34-BD00-84830B3A6CC8}.Release|x64.ActiveCfg = Release|x64
		{452261D3-9DA1-4C34-BD00-84830B3A6CC8}.Release|x64.Build.0 = Release|x64
		{452261D3-9DA1-4C34-BD00-84830B3A6CC8}.Release|x86.ActiveCfg = Release|Win32
		{452261D3-9DA1-4C34-BD00-84830B3A6CC8}.Release|x86.Build.0 = Release|Win32
		{23DA2CE6-6383-4317-B7FB-3F1DD4594B61}.Debug|x64.ActiveCfg = Debug|x64
		{23DA2CE6-6383-4317-B7FB-3F1DD4594B61}.Debug|x64.Build.0 = Debug|x64
		{23DA2CE6-6383-4317-B7FB-3F1DD4594B61}.Debug|x86.ActiveCfg = Debug|Win32
		{23DA2CE6-6383-4317-B7FB-3F1DD4594B61}.Debug|x86.Build.0 = Debug|Win32
		{23DA2CE6-6383-4317-B7FB-3F1DD4594B61}.Release|x64.ActiveCfg = Release|x64
		{23DA2CE6-6383-4317-B7FB-3F1DD4594B61}.Release|x64.Build.0 = Release|x64
		{23DA2CE6-6383-4317-B7FB-3F1DD4594B61}.Release|x86.ActiveCfg = Release|Win32
		{23DA2CE6-6383-4317-B7FB-3F1DD4594B61}.Release|x86.Build.0 = Release|Win32
		{AC15237C-D153-4F06-BCEF-9AE61A4858BC}.Debug|x64.ActiveCfg = Debug|x64
		{AC15237C-D153-4F06-BCEF-9AE61A4858BC}.Debug|x64.Build.0 = Debug|x64
		{AC15237C-D153-4F06-BCEF-9AE61A4858BC}.Debug|x86.ActiveCfg = Debug|Win32
		{AC15237C-D153-4F06-BCEF-9AE61A4858BC}.Debug|x86.Build.0 = Debug|Win32
		{AC15237C-D153-4F06-BCEF-9AE61A4858BC}.Release|x64.ActiveCfg = Release|x64
		{AC15237C-D153-4F06-BCEF-9AE61A4858BC}.Release|x64.Build.0 = Release|x64
		{AC15237C-D153-4F06-BCEF-9AE61A4858BC}.Release|x86.ActiveCfg = Release|Win32
		{AC15237C-D153-4F06-BCEF-9AE61A4858BC}.Release|x86.Build.0 = Release|Win32
		{AE5BFA20-5195-4228-86FC-37EF8F70C32D}.Debug|x64.ActiveCfg = Debug|x64
		{AE5BFA20-5195-4228-86FC-37EF8F70C32D}.Debug|x64.Build.0 = Debug|x64
		{AE5BFA20-5195-4228-86FC-37EF8F70C32D}.Debug|x86.ActiveCfg = Debug|Win32
		{AE5BFA20-5195-4228-86FC-37EF8F70C32D}.Debug|x86.Build.0 = Debug|Win32
		{AE5BFA20-5195-4228-86FC-37EF8F70C32D}.Release|x64.ActiveCfg = Release|x64
		{AE5BFA20-5195-4228-86FC-37EF8F70C32D}.Release|x64.Build.0 = Release|x64
		{AE5BFA20-5195-4228-86FC-37EF8F70C32D}.Release|x86.ActiveCfg = Release|Win32
		{AE5BFA20-5195-4228-86FC-37EF8F70C32D}.Release|x86.Build.0 = Release|Win32
		{BEC6BF2D-21AF-443C-AD75-646BABF79CCE}.Debug|x64.ActiveCfg = Debug|x64
		{BEC6BF2D-21AF-443C-AD75-646BABF79CCE}.Debug|x64.Build.0 = Debug|x64
		{BEC6BF2D-21AF-443C-AD75-646BABF79CCE}.Debug|x86.ActiveCfg = Debug|Win32
		{BEC6BF2D-21AF-443C-AD75-646BABF79CCE}.Debug|x86.Build.0 = Debug|Win32
		{BEC6BF2D-21AF-443C-AD75-646BABF79CCE}.Release|x64.ActiveCfg = Release|x64
		{BEC6BF2D-21AF-443C-AD75-646BABF79CCE}.Release|x64.Build.0 = Release|x64
		{BEC6BF2D-21AF-443C-AD75-646BABF79CCE}.Release|x86.ActiveCfg = Release|Win32
		{BEC6BF2D-21AF-443C-AD75-646BABF79CCE}.Release|x86.Build.0 = Release|Win32
		{6E8250C9-421E-486C-B50D-2686A59CB27D}.Debug|x64.ActiveCfg = Debug|x64
		{6E8250C9-421E-486C-B50D-2686A59CB27D}.Debug|x64.Build.0 = Debug|x64
		{6E8250C9-421E-486C-B50D-2686A59CB27D}.Debug|x86.ActiveCfg = Debug|Win32
		{6E8250C9-421E-486C-B50D-2686A59CB27D}.Debug|x86.Build.0 = Debug|Win32
		{6E8250C9-421E-486C-B50D-2686A59CB27D}.Release|x64.ActiveCfg = Release|x64
		{6E8250C9-421E-486C-B50D-2686A59CB27D}.Release|x64.Build.0 = Release|x64
		{6E8250C9-421E-486C-B50D-2686A59CB27D}.Release|x86.ActiveCfg = Release|Win32
		{6E8250C9-421E-486C-B50D-2686A59CB27D}.Release|x86.Build.0 = Release|Win32
	EndGlobalSection
	GlobalSection(SolutionProperties) = preSolution
		HideSolutionNode = FALSE
	EndGlobalSection
	GlobalSection(ExtensibilityGlobals) = postSolution
		SolutionGuid = {EFEF7B44-8CEE-446D-87D6-CE3A67D1E52C}
	EndGlobalSection
EndGlobal
